
Microsoft Visual Studio Solution File, Format Version 12.00
# Visual Studio Version 16
VisualStudioVersion = 16.0.29911.84
MinimumVisualStudioVersion = 10.0.40219.1
Project("{9A19103F-16F7-4668-BE54-9A1E7A4F7556}") = "Surveys.Api", "Surveys.Api\Surveys.Api.csproj", "{88AFFF27-0D18-48A9-9B34-73444E50B80B}"
EndProject
Project("{9A19103F-16F7-4668-BE54-9A1E7A4F7556}") = "Surveys.Domain", "Surveys.Domain\Surveys.Domain.csproj", "{60F9DCE5-788B-412C-9DEA-CFDF5EF31744}"
EndProject
Project("{9A19103F-16F7-4668-BE54-9A1E7A4F7556}") = "Surveys.DataAccess", "Surveys.DataAccess\Surveys.DataAccess.csproj", "{DF4C084D-735B-45EE-8EE7-5EDAFF82ED34}"
EndProject
Project("{9A19103F-16F7-4668-BE54-9A1E7A4F7556}") = "Surveys.Commons", "Surveys.Commons\Surveys.Commons.csproj", "{89178EEC-B882-4F32-918D-14A97AC7039E}"
EndProject
Project("{FAE04EC0-301F-11D3-BF4B-00C04F79EFBC}") = "Surveys.Tests", "Surveys.Tests\Surveys.Tests.csproj", "{75BF789D-F86D-4A89-8259-6F31F3329B90}"
EndProject
Global
	GlobalSection(SolutionConfigurationPlatforms) = preSolution
		Debug|Any CPU = Debug|Any CPU
		Release|Any CPU = Release|Any CPU
	EndGlobalSection
	GlobalSection(ProjectConfigurationPlatforms) = postSolution
		{88AFFF27-0D18-48A9-9B34-73444E50B80B}.Debug|Any CPU.ActiveCfg = Debug|Any CPU
		{88AFFF27-0D18-48A9-9B34-73444E50B80B}.Debug|Any CPU.Build.0 = Debug|Any CPU
		{88AFFF27-0D18-48A9-9B34-73444E50B80B}.Release|Any CPU.ActiveCfg = Release|Any CPU
		{88AFFF27-0D18-48A9-9B34-73444E50B80B}.Release|Any CPU.Build.0 = Release|Any CPU
		{60F9DCE5-788B-412C-9DEA-CFDF5EF31744}.Debug|Any CPU.ActiveCfg = Debug|Any CPU
		{60F9DCE5-788B-412C-9DEA-CFDF5EF31744}.Debug|Any CPU.Build.0 = Debug|Any CPU
		{60F9DCE5-788B-412C-9DEA-CFDF5EF31744}.Release|Any CPU.ActiveCfg = Release|Any CPU
		{60F9DCE5-788B-412C-9DEA-CFDF5EF31744}.Release|Any CPU.Build.0 = Release|Any CPU
		{DF4C084D-735B-45EE-8EE7-5EDAFF82ED34}.Debug|Any CPU.ActiveCfg = Debug|Any CPU
		{DF4C084D-735B-45EE-8EE7-5EDAFF82ED34}.Debug|Any CPU.Build.0 = Debug|Any CPU
		{DF4C084D-735B-45EE-8EE7-5EDAFF82ED34}.Release|Any CPU.ActiveCfg = Release|Any CPU
		{DF4C084D-735B-45EE-8EE7-5EDAFF82ED34}.Release|Any CPU.Build.0 = Release|Any CPU
		{89178EEC-B882-4F32-918D-14A97AC7039E}.Debug|Any CPU.ActiveCfg = Debug|Any CPU
		{89178EEC-B882-4F32-918D-14A97AC7039E}.Debug|Any CPU.Build.0 = Debug|Any CPU
		{89178EEC-B882-4F32-918D-14A97AC7039E}.Release|Any CPU.ActiveCfg = Release|Any CPU
		{89178EEC-B882-4F32-918D-14A97AC7039E}.Release|Any CPU.Build.0 = Release|Any CPU
		{75BF789D-F86D-4A89-8259-6F31F3329B90}.Debug|Any CPU.ActiveCfg = Debug|Any CPU
		{75BF789D-F86D-4A89-8259-6F31F3329B90}.Debug|Any CPU.Build.0 = Debug|Any CPU
		{75BF789D-F86D-4A89-8259-6F31F3329B90}.Release|Any CPU.ActiveCfg = Release|Any CPU
		{75BF789D-F86D-4A89-8259-6F31F3329B90}.Release|Any CPU.Build.0 = Release|Any CPU
	EndGlobalSection
	GlobalSection(SolutionProperties) = preSolution
		HideSolutionNode = FALSE
	EndGlobalSection
	GlobalSection(ExtensibilityGlobals) = postSolution
		SolutionGuid = {C69A7498-FB66-453F-966C-B186BEA8A3A2}
	EndGlobalSection
EndGlobal
